
Microsoft Visual Studio Solution File, Format Version 12.00
# Visual Studio Version 17
VisualStudioVersion = 17.8.34105.364
MinimumVisualStudioVersion = 10.0.40219.1
Project("{9A19103F-16F7-4668-BE54-9A1E7A4F7556}") = "BlazorApp48", "BlazorApp48\BlazorApp48\BlazorApp48.csproj", "{9ACE02A1-F2E3-4417-9103-D0F7714CA732}"
EndProject
Project("{9A19103F-16F7-4668-BE54-9A1E7A4F7556}") = "BlazorApp48.Client", "BlazorApp48\BlazorApp48.Client\BlazorApp48.Client.csproj", "{FDF7EFE1-4FCC-414A-8B34-275570DFEAC4}"
EndProject
Project("{9A19103F-16F7-4668-BE54-9A1E7A4F7556}") = "RazorClassLibrary1", "RazorClassLibrary1\RazorClassLibrary1.csproj", "{E888129D-59C1-46C2-B5CB-DA902DAA7185}"
EndProject
Global
	GlobalSection(SolutionConfigurationPlatforms) = preSolution
		Debug|Any CPU = Debug|Any CPU
		Release|Any CPU = Release|Any CPU
	EndGlobalSection
	GlobalSection(ProjectConfigurationPlatforms) = postSolution
		{9ACE02A1-F2E3-4417-9103-D0F7714CA732}.Debug|Any CPU.ActiveCfg = Debug|Any CPU
		{9ACE02A1-F2E3-4417-9103-D0F7714CA732}.Debug|Any CPU.Build.0 = Debug|Any CPU
		{9ACE02A1-F2E3-4417-9103-D0F7714CA732}.Release|Any CPU.ActiveCfg = Release|Any CPU
		{9ACE02A1-F2E3-4417-9103-D0F7714CA732}.Release|Any CPU.Build.0 = Release|Any CPU
		{FDF7EFE1-4FCC-414A-8B34-275570DFEAC4}.Debug|Any CPU.ActiveCfg = Debug|Any CPU
		{FDF7EFE1-4FCC-414A-8B34-275570DFEAC4}.Debug|Any CPU.Build.0 = Debug|Any CPU
		{FDF7EFE1-4FCC-414A-8B34-275570DFEAC4}.Release|Any CPU.ActiveCfg = Release|Any CPU
		{FDF7EFE1-4FCC-414A-8B34-275570DFEAC4}.Release|Any CPU.Build.0 = Release|Any CPU
		{E888129D-59C1-46C2-B5CB-DA902DAA7185}.Debug|Any CPU.ActiveCfg = Debug|Any CPU
		{E888129D-59C1-46C2-B5CB-DA902DAA7185}.Debug|Any CPU.Build.0 = Debug|Any CPU
		{E888129D-59C1-46C2-B5CB-DA902DAA7185}.Release|Any CPU.ActiveCfg = Release|Any CPU
		{E888129D-59C1-46C2-B5CB-DA902DAA7185}.Release|Any CPU.Build.0 = Release|Any CPU
	EndGlobalSection
	GlobalSection(SolutionProperties) = preSolution
		HideSolutionNode = FALSE
	EndGlobalSection
	GlobalSection(ExtensibilityGlobals) = postSolution
		SolutionGuid = {06ACE147-0F8E-453D-AA15-87861576C258}
	EndGlobalSection
EndGlobal
